
Microsoft Visual Studio Solution File, Format Version 12.00
# Visual Studio Version 17
VisualStudioVersion = 17.2.32616.157
MinimumVisualStudioVersion = 10.0.40219.1
Project("{FAE04EC0-301F-11D3-BF4B-00C04F79EFBC}") = "react-a2t-ml", "react-a2t-ml\react-a2t-ml.csproj", "{B59E6C96-0658-4912-B9B6-D75AFD374F2A}"
EndProject
Global
	GlobalSection(SolutionConfigurationPlatforms) = preSolution
		Debug|Any CPU = Debug|Any CPU
		Release|Any CPU = Release|Any CPU
	EndGlobalSection
	GlobalSection(ProjectConfigurationPlatforms) = postSolution
		{B59E6C96-0658-4912-B9B6-D75AFD374F2A}.Debug|Any CPU.ActiveCfg = Debug|Any CPU
		{B59E6C96-0658-4912-B9B6-D75AFD374F2A}.Debug|Any CPU.Build.0 = Debug|Any CPU
		{B59E6C96-0658-4912-B9B6-D75AFD374F2A}.Release|Any CPU.ActiveCfg = Release|Any CPU
		{B59E6C96-0658-4912-B9B6-D75AFD374F2A}.Release|Any CPU.Build.0 = Release|Any CPU
	EndGlobalSection
	GlobalSection(SolutionProperties) = preSolution
		HideSolutionNode = FALSE
	EndGlobalSection
	GlobalSection(ExtensibilityGlobals) = postSolution
		SolutionGuid = {2437AFB6-6D9B-459D-A515-07649CA8CE27}
	EndGlobalSection
EndGlobal
